{
  "name": "fgases-webform",
  "version": "0.0.0",
  "lockfileVersion": 2,
  "requires": true,
  "packages": {
    "": {
      "name": "fgases-webform",
      "version": "0.0.0",
      "hasInstallScript": true,
      "license": "MIT",
      "devDependencies": {
        "bower": "^1.3.1",
        "shelljs": "^0.2.6"
      }
    },
    "node_modules/bower": {
      "version": "1.8.4",
      "resolved": "https://registry.npmjs.org/bower/-/bower-1.8.4.tgz",
      "integrity": "sha1-54dqB23rgTf30GUl3F6MZtuC8oo=",
      "deprecated": "This Bower version has SECURITY BUG THAT ALLOWS TO WRITE TO ARBITRARY FILE ON YOUR COMPUTER when you install malicious package. Please upgrade Bower to at least version 1.8.8 if you don't want to get hacked. More info: https://snyk.io/blog/severe-security-vulnerability-in-bowers-zip-archive-extraction/",
      "dev": true,
      "bin": {
        "bower": "bin/bower"
      },
      "engines": {
        "node": ">=0.10.0"
      }
    },
    "node_modules/shelljs": {
      "version": "0.2.6",
      "resolved": "http://registry.npmjs.org/shelljs/-/shelljs-0.2.6.tgz",
      "integrity": "sha1-kEktcv/MgVmXa6umL7D2iE8MM3g=",
      "dev": true,
      "bin": {
        "shjs": "bin/shjs"
      },
      "engines": {
        "node": ">=0.8.0"
      }
    }
  },
  "dependencies": {
    "bower": {
      "version": "1.8.4",
      "resolved": "https://registry.npmjs.org/bower/-/bower-1.8.4.tgz",
      "integrity": "sha1-54dqB23rgTf30GUl3F6MZtuC8oo=",
      "dev": true
    },
    "shelljs": {
      "version": "0.2.6",
      "resolved": "http://registry.npmjs.org/shelljs/-/shelljs-0.2.6.tgz",
      "integrity": "sha1-kEktcv/MgVmXa6umL7D2iE8MM3g=",
      "dev": true
    }
  }
}
